
Microsoft Visual Studio Solution File, Format Version 12.00
# Visual Studio Version 16
VisualStudioVersion = 16.0.30611.23
MinimumVisualStudioVersion = 10.0.40219.1
Project("{FAE04EC0-301F-11D3-BF4B-00C04F79EFBC}") = "DemoRepoAPi", "DemoRepoAPi.csproj", "{AD2F4C77-0A43-4844-9DF7-90E65355B02C}"
EndProject
Global
	GlobalSection(SolutionConfigurationPlatforms) = preSolution
		Debug|Any CPU = Debug|Any CPU
		Release|Any CPU = Release|Any CPU
	EndGlobalSection
	GlobalSection(ProjectConfigurationPlatforms) = postSolution
		{AD2F4C77-0A43-4844-9DF7-90E65355B02C}.Debug|Any CPU.ActiveCfg = Debug|Any CPU
		{AD2F4C77-0A43-4844-9DF7-90E65355B02C}.Debug|Any CPU.Build.0 = Debug|Any CPU
		{AD2F4C77-0A43-4844-9DF7-90E65355B02C}.Release|Any CPU.ActiveCfg = Release|Any CPU
		{AD2F4C77-0A43-4844-9DF7-90E65355B02C}.Release|Any CPU.Build.0 = Release|Any CPU
	EndGlobalSection
	GlobalSection(SolutionProperties) = preSolution
		HideSolutionNode = FALSE
	EndGlobalSection
	GlobalSection(ExtensibilityGlobals) = postSolution
		SolutionGuid = {8A63121B-0786-4BE5-9422-04C06E61223F}
	EndGlobalSection
EndGlobal
